
Microsoft Visual Studio Solution File, Format Version 12.00
# Visual Studio Version 17
VisualStudioVersion = 17.7.34031.279
MinimumVisualStudioVersion = 10.0.40219.1
Project("{9A19103F-16F7-4668-BE54-9A1E7A4F7556}") = "TetraClashDec24", "TetraClashDec24\TetraClashDec24.csproj", "{24F35B80-7AA8-45ED-8A48-5076941B401A}"
EndProject
Global
	GlobalSection(SolutionConfigurationPlatforms) = preSolution
		Debug|Any CPU = Debug|Any CPU
		Release|Any CPU = Release|Any CPU
	EndGlobalSection
	GlobalSection(ProjectConfigurationPlatforms) = postSolution
		{24F35B80-7AA8-45ED-8A48-5076941B401A}.Debug|Any CPU.ActiveCfg = Debug|Any CPU
		{24F35B80-7AA8-45ED-8A48-5076941B401A}.Debug|Any CPU.Build.0 = Debug|Any CPU
		{24F35B80-7AA8-45ED-8A48-5076941B401A}.Release|Any CPU.ActiveCfg = Release|Any CPU
		{24F35B80-7AA8-45ED-8A48-5076941B401A}.Release|Any CPU.Build.0 = Release|Any CPU
	EndGlobalSection
	GlobalSection(SolutionProperties) = preSolution
		HideSolutionNode = FALSE
	EndGlobalSection
	GlobalSection(ExtensibilityGlobals) = postSolution
		SolutionGuid = {B4609785-D1EB-4E3E-A767-855BCDEC1CCD}
	EndGlobalSection
EndGlobal
